
Microsoft Visual Studio Solution File, Format Version 12.00
# Visual Studio Version 17
VisualStudioVersion = 17.0.32112.339
MinimumVisualStudioVersion = 10.0.40219.1
Project("{8BC9CEB8-8B4A-11D0-8D11-00A0C91BC942}") = "字符串和内存", "字符串和内存.vcxproj", "{EEF91DF6-49A8-410B-9087-F4F9169A7563}"
EndProject
Global
	GlobalSection(SolutionConfigurationPlatforms) = preSolution
		Debug|x64 = Debug|x64
		Debug|x86 = Debug|x86
		Release|x64 = Release|x64
		Release|x86 = Release|x86
	EndGlobalSection
	GlobalSection(ProjectConfigurationPlatforms) = postSolution
		{EEF91DF6-49A8-410B-9087-F4F9169A7563}.Debug|x64.ActiveCfg = Debug|x64
		{EEF91DF6-49A8-410B-9087-F4F9169A7563}.Debug|x64.Build.0 = Debug|x64
		{EEF91DF6-49A8-410B-9087-F4F9169A7563}.Debug|x86.ActiveCfg = Debug|Win32
		{EEF91DF6-49A8-410B-9087-F4F9169A7563}.Debug|x86.Build.0 = Debug|Win32
		{EEF91DF6-49A8-410B-9087-F4F9169A7563}.Release|x64.ActiveCfg = Release|x64
		{EEF91DF6-49A8-410B-9087-F4F9169A7563}.Release|x64.Build.0 = Release|x64
		{EEF91DF6-49A8-410B-9087-F4F9169A7563}.Release|x86.ActiveCfg = Release|Win32
		{EEF91DF6-49A8-410B-9087-F4F9169A7563}.Release|x86.Build.0 = Release|Win32
	EndGlobalSection
	GlobalSection(SolutionProperties) = preSolution
		HideSolutionNode = FALSE
	EndGlobalSection
	GlobalSection(ExtensibilityGlobals) = postSolution
		SolutionGuid = {19116A57-0A2E-4557-B4F4-BAE8EABE85FC}
	EndGlobalSection
EndGlobal
